{
  "name": "lib-principle",
  "version": "1.0.0",
  "lockfileVersion": 2,
  "requires": true,
  "packages": {
    "": {
      "name": "lib-principle",
      "version": "1.0.0",
      "license": "ISC",
      "devDependencies": {
        "@types/node": "^20.10.4"
      }
    },
    "node_modules/@types/node": {
      "version": "20.10.4",
      "resolved": "http://registry.npm.release.ctripcorp.com/@types/node/download/@types/node-20.10.4.tgz",
      "integrity": "sha1-skb9hNVdWxtxv1H5ZL1RRAk0cZg=",
      "dev": true,
      "license": "MIT",
      "dependencies": {
        "undici-types": "~5.26.4"
      }
    },
    "node_modules/undici-types": {
      "version": "5.26.5",
      "resolved": "http://registry.npm.release.ctripcorp.com/undici-types/download/undici-types-5.26.5.tgz",
      "integrity": "sha1-vNU5iT0AtW6WT9JlekhmsiGmVhc=",
      "dev": true,
      "license": "MIT"
    }
  },
  "dependencies": {
    "@types/node": {
      "version": "20.10.4",
      "resolved": "http://registry.npm.release.ctripcorp.com/@types/node/download/@types/node-20.10.4.tgz",
      "integrity": "sha1-skb9hNVdWxtxv1H5ZL1RRAk0cZg=",
      "dev": true,
      "requires": {
        "undici-types": "~5.26.4"
      }
    },
    "undici-types": {
      "version": "5.26.5",
      "resolved": "http://registry.npm.release.ctripcorp.com/undici-types/download/undici-types-5.26.5.tgz",
      "integrity": "sha1-vNU5iT0AtW6WT9JlekhmsiGmVhc=",
      "dev": true
    }
  }
}
